
Microsoft Visual Studio Solution File, Format Version 12.00
# Visual Studio 15
VisualStudioVersion = 15.0.28307.271
MinimumVisualStudioVersion = 10.0.40219.1
Project("{8BC9CEB8-8B4A-11D0-8D11-00A0C91BC942}") = "Статический массив", "Статический массив\Статический массив.vcxproj", "{6DC8494E-526C-4968-B1D3-D715D0C332BF}"
EndProject
Global
	GlobalSection(SolutionConfigurationPlatforms) = preSolution
		Debug|x64 = Debug|x64
		Debug|x86 = Debug|x86
		Release|x64 = Release|x64
		Release|x86 = Release|x86
	EndGlobalSection
	GlobalSection(ProjectConfigurationPlatforms) = postSolution
		{6DC8494E-526C-4968-B1D3-D715D0C332BF}.Debug|x64.ActiveCfg = Debug|x64
		{6DC8494E-526C-4968-B1D3-D715D0C332BF}.Debug|x64.Build.0 = Debug|x64
		{6DC8494E-526C-4968-B1D3-D715D0C332BF}.Debug|x86.ActiveCfg = Debug|Win32
		{6DC8494E-526C-4968-B1D3-D715D0C332BF}.Debug|x86.Build.0 = Debug|Win32
		{6DC8494E-526C-4968-B1D3-D715D0C332BF}.Release|x64.ActiveCfg = Release|x64
		{6DC8494E-526C-4968-B1D3-D715D0C332BF}.Release|x64.Build.0 = Release|x64
		{6DC8494E-526C-4968-B1D3-D715D0C332BF}.Release|x86.ActiveCfg = Release|Win32
		{6DC8494E-526C-4968-B1D3-D715D0C332BF}.Release|x86.Build.0 = Release|Win32
	EndGlobalSection
	GlobalSection(SolutionProperties) = preSolution
		HideSolutionNode = FALSE
	EndGlobalSection
	GlobalSection(ExtensibilityGlobals) = postSolution
		SolutionGuid = {D6AEC65C-0238-4BB3-97FA-3FE32B63AD07}
	EndGlobalSection
EndGlobal
